
Microsoft Visual Studio Solution File, Format Version 12.00
# Visual Studio 2013
VisualStudioVersion = 12.0.30723.0
MinimumVisualStudioVersion = 10.0.40219.1
Project("{FAE04EC0-301F-11D3-BF4B-00C04F79EFBC}") = "ContactManager", "ContactManager\ContactManager.csproj", "{72CA7279-B70B-4C94-9F59-519F73A5A91B}"
EndProject
Project("{FAE04EC0-301F-11D3-BF4B-00C04F79EFBC}") = "ContactManager.Model", "ContactManager.Model\ContactManager.Model.csproj", "{D776A185-4FBA-4049-89EC-108DE989A9A6}"
EndProject
Project("{FAE04EC0-301F-11D3-BF4B-00C04F79EFBC}") = "ContactManager.Data", "ContactManager.Data\ContactManager.Data.csproj", "{232AB685-7E6A-41C0-BBB3-F9A09A92CCE1}"
EndProject
Global
	GlobalSection(SolutionConfigurationPlatforms) = preSolution
		Debug|Any CPU = Debug|Any CPU
		Release|Any CPU = Release|Any CPU
	EndGlobalSection
	GlobalSection(ProjectConfigurationPlatforms) = postSolution
		{72CA7279-B70B-4C94-9F59-519F73A5A91B}.Debug|Any CPU.ActiveCfg = Debug|Any CPU
		{72CA7279-B70B-4C94-9F59-519F73A5A91B}.Debug|Any CPU.Build.0 = Debug|Any CPU
		{72CA7279-B70B-4C94-9F59-519F73A5A91B}.Release|Any CPU.ActiveCfg = Release|Any CPU
		{72CA7279-B70B-4C94-9F59-519F73A5A91B}.Release|Any CPU.Build.0 = Release|Any CPU
		{D776A185-4FBA-4049-89EC-108DE989A9A6}.Debug|Any CPU.ActiveCfg = Debug|Any CPU
		{D776A185-4FBA-4049-89EC-108DE989A9A6}.Debug|Any CPU.Build.0 = Debug|Any CPU
		{D776A185-4FBA-4049-89EC-108DE989A9A6}.Release|Any CPU.ActiveCfg = Release|Any CPU
		{D776A185-4FBA-4049-89EC-108DE989A9A6}.Release|Any CPU.Build.0 = Release|Any CPU
		{232AB685-7E6A-41C0-BBB3-F9A09A92CCE1}.Debug|Any CPU.ActiveCfg = Debug|Any CPU
		{232AB685-7E6A-41C0-BBB3-F9A09A92CCE1}.Debug|Any CPU.Build.0 = Debug|Any CPU
		{232AB685-7E6A-41C0-BBB3-F9A09A92CCE1}.Release|Any CPU.ActiveCfg = Release|Any CPU
		{232AB685-7E6A-41C0-BBB3-F9A09A92CCE1}.Release|Any CPU.Build.0 = Release|Any CPU
	EndGlobalSection
	GlobalSection(SolutionProperties) = preSolution
		HideSolutionNode = FALSE
	EndGlobalSection
EndGlobal
